
Microsoft Visual Studio Solution File, Format Version 11.00
# Visual Studio 2010
Project("{2150E333-8FDC-42A3-9474-1A3956D46DE8}") = "Infrastructure", "Infrastructure", "{CBB0EA40-FEC5-48D9-A04D-782440D9D693}"
EndProject
Project("{2150E333-8FDC-42A3-9474-1A3956D46DE8}") = "Samples", "Samples", "{62414331-D497-493B-8DF2-A4EA8B5DDE42}"
EndProject
Project("{CC5FD16D-436D-48AD-A40C-5A424C6E3E79}") = "Sample_01.Basic", "Samples\Sample_01.Basic\Sample_01.Basic.ccproj", "{F8114DFB-4BEB-4E20-B016-956A3343C708}"
EndProject
Project("{2150E333-8FDC-42A3-9474-1A3956D46DE8}") = "01 PingPong", "01 PingPong", "{48C1036C-BD1D-469E-BBB9-4F13B7C43E43}"
EndProject
Project("{2150E333-8FDC-42A3-9474-1A3956D46DE8}") = "02 Tasks and Listening", "02 Tasks and Listening", "{2EBE3A47-8C6B-46E8-B896-01F172BE18EB}"
EndProject
Project("{FAE04EC0-301F-11D3-BF4B-00C04F79EFBC}") = "Sample_01.Worker", "Samples\Sample_01.Worker\Sample_01.Worker.csproj", "{DFCE11A8-B20F-49D7-9011-6E459E35FDDC}"
EndProject
Project("{CC5FD16D-436D-48AD-A40C-5A424C6E3E79}") = "Sample_02", "Samples\Sample_02\Sample_02.ccproj", "{19C604E8-34E3-4F33-9841-3B6BEAA71776}"
EndProject
Project("{FAE04EC0-301F-11D3-BF4B-00C04F79EFBC}") = "Sample_02.Worker", "Samples\Sample_02.Worker\Sample_02.Worker.csproj", "{00FE424E-9731-40D3-B6F8-896258AC3254}"
EndProject
Project("{FAE04EC0-301F-11D3-BF4B-00C04F79EFBC}") = "Lokad.Cqrs.Tests", "Source\Lokad.Cqrs.Tests\Lokad.Cqrs.Tests.csproj", "{24DA9150-1C7E-45B3-8A75-EA529081237F}"
EndProject
Project("{FAE04EC0-301F-11D3-BF4B-00C04F79EFBC}") = "Lokad.Cqrs", "Source\Lokad.Cqrs\Lokad.Cqrs.csproj", "{FD6C8202-F530-4C09-8889-28DC383965AA}"
EndProject
Global
	GlobalSection(SolutionConfigurationPlatforms) = preSolution
		Debug|Any CPU = Debug|Any CPU
		Release|Any CPU = Release|Any CPU
	EndGlobalSection
	GlobalSection(ProjectConfigurationPlatforms) = postSolution
		{F8114DFB-4BEB-4E20-B016-956A3343C708}.Debug|Any CPU.ActiveCfg = Debug|Any CPU
		{F8114DFB-4BEB-4E20-B016-956A3343C708}.Debug|Any CPU.Build.0 = Debug|Any CPU
		{F8114DFB-4BEB-4E20-B016-956A3343C708}.Release|Any CPU.ActiveCfg = Release|Any CPU
		{F8114DFB-4BEB-4E20-B016-956A3343C708}.Release|Any CPU.Build.0 = Release|Any CPU
		{DFCE11A8-B20F-49D7-9011-6E459E35FDDC}.Debug|Any CPU.ActiveCfg = Debug|Any CPU
		{DFCE11A8-B20F-49D7-9011-6E459E35FDDC}.Debug|Any CPU.Build.0 = Debug|Any CPU
		{DFCE11A8-B20F-49D7-9011-6E459E35FDDC}.Release|Any CPU.ActiveCfg = Release|Any CPU
		{DFCE11A8-B20F-49D7-9011-6E459E35FDDC}.Release|Any CPU.Build.0 = Release|Any CPU
		{19C604E8-34E3-4F33-9841-3B6BEAA71776}.Debug|Any CPU.ActiveCfg = Debug|Any CPU
		{19C604E8-34E3-4F33-9841-3B6BEAA71776}.Debug|Any CPU.Build.0 = Debug|Any CPU
		{19C604E8-34E3-4F33-9841-3B6BEAA71776}.Release|Any CPU.ActiveCfg = Release|Any CPU
		{19C604E8-34E3-4F33-9841-3B6BEAA71776}.Release|Any CPU.Build.0 = Release|Any CPU
		{00FE424E-9731-40D3-B6F8-896258AC3254}.Debug|Any CPU.ActiveCfg = Debug|Any CPU
		{00FE424E-9731-40D3-B6F8-896258AC3254}.Debug|Any CPU.Build.0 = Debug|Any CPU
		{00FE424E-9731-40D3-B6F8-896258AC3254}.Release|Any CPU.ActiveCfg = Release|Any CPU
		{00FE424E-9731-40D3-B6F8-896258AC3254}.Release|Any CPU.Build.0 = Release|Any CPU
		{24DA9150-1C7E-45B3-8A75-EA529081237F}.Debug|Any CPU.ActiveCfg = Debug|Any CPU
		{24DA9150-1C7E-45B3-8A75-EA529081237F}.Debug|Any CPU.Build.0 = Debug|Any CPU
		{24DA9150-1C7E-45B3-8A75-EA529081237F}.Release|Any CPU.ActiveCfg = Release|Any CPU
		{24DA9150-1C7E-45B3-8A75-EA529081237F}.Release|Any CPU.Build.0 = Release|Any CPU
		{FD6C8202-F530-4C09-8889-28DC383965AA}.Debug|Any CPU.ActiveCfg = Debug|Any CPU
		{FD6C8202-F530-4C09-8889-28DC383965AA}.Debug|Any CPU.Build.0 = Debug|Any CPU
		{FD6C8202-F530-4C09-8889-28DC383965AA}.Release|Any CPU.ActiveCfg = Release|Any CPU
		{FD6C8202-F530-4C09-8889-28DC383965AA}.Release|Any CPU.Build.0 = Release|Any CPU
	EndGlobalSection
	GlobalSection(SolutionProperties) = preSolution
		HideSolutionNode = FALSE
	EndGlobalSection
	GlobalSection(NestedProjects) = preSolution
		{24DA9150-1C7E-45B3-8A75-EA529081237F} = {CBB0EA40-FEC5-48D9-A04D-782440D9D693}
		{FD6C8202-F530-4C09-8889-28DC383965AA} = {CBB0EA40-FEC5-48D9-A04D-782440D9D693}
		{48C1036C-BD1D-469E-BBB9-4F13B7C43E43} = {62414331-D497-493B-8DF2-A4EA8B5DDE42}
		{2EBE3A47-8C6B-46E8-B896-01F172BE18EB} = {62414331-D497-493B-8DF2-A4EA8B5DDE42}
		{F8114DFB-4BEB-4E20-B016-956A3343C708} = {48C1036C-BD1D-469E-BBB9-4F13B7C43E43}
		{DFCE11A8-B20F-49D7-9011-6E459E35FDDC} = {48C1036C-BD1D-469E-BBB9-4F13B7C43E43}
		{19C604E8-34E3-4F33-9841-3B6BEAA71776} = {2EBE3A47-8C6B-46E8-B896-01F172BE18EB}
		{00FE424E-9731-40D3-B6F8-896258AC3254} = {2EBE3A47-8C6B-46E8-B896-01F172BE18EB}
	EndGlobalSection
EndGlobal
